
Microsoft Visual Studio Solution File, Format Version 12.00
# Visual Studio Version 16
VisualStudioVersion = 16.0.30225.117
MinimumVisualStudioVersion = 10.0.40219.1
Project("{9A19103F-16F7-4668-BE54-9A1E7A4F7556}") = "NetToolBox.CodeAuthentication", "src\NetToolBox.CodeAuthentication\NetToolBox.CodeAuthentication.csproj", "{F570DC51-0168-460E-B4D8-EC364622C422}"
EndProject
Project("{2150E333-8FDC-42A3-9474-1A3956D46DE8}") = "src", "src", "{0467EB16-723C-4D58-89E9-44DEDAE76708}"
EndProject
Project("{2150E333-8FDC-42A3-9474-1A3956D46DE8}") = "test", "test", "{BE263E97-382E-4FA3-B422-950575CD87D6}"
EndProject
Project("{FAE04EC0-301F-11D3-BF4B-00C04F79EFBC}") = "CodeAuthenticationHandlerTestAPI", "test\CodeAuthenticationHandlerTestAPI\CodeAuthenticationHandlerTestAPI.csproj", "{A40773BE-9C51-40DB-A65E-8B6B101A999F}"
EndProject
Project("{FAE04EC0-301F-11D3-BF4B-00C04F79EFBC}") = "CodeAuthenticationHandler.Tests", "test\CodeAuthenticationHandler.Tests\CodeAuthenticationHandler.Tests.csproj", "{BA0BA6E7-1205-45C9-BF39-4234C1B7ADD1}"
EndProject
Project("{2150E333-8FDC-42A3-9474-1A3956D46DE8}") = "Solution Items", "Solution Items", "{3344A0E3-DEDC-4510-8F69-FFB269F10BE9}"
	ProjectSection(SolutionItems) = preProject
		azure-pipelines.yml = azure-pipelines.yml
		.config\dotnet-tools.json = .config\dotnet-tools.json
		GitVersion.yml = GitVersion.yml
	EndProjectSection
EndProject
Global
	GlobalSection(SolutionConfigurationPlatforms) = preSolution
		Debug|Any CPU = Debug|Any CPU
		Release|Any CPU = Release|Any CPU
	EndGlobalSection
	GlobalSection(ProjectConfigurationPlatforms) = postSolution
		{F570DC51-0168-460E-B4D8-EC364622C422}.Debug|Any CPU.ActiveCfg = Debug|Any CPU
		{F570DC51-0168-460E-B4D8-EC364622C422}.Debug|Any CPU.Build.0 = Debug|Any CPU
		{F570DC51-0168-460E-B4D8-EC364622C422}.Release|Any CPU.ActiveCfg = Release|Any CPU
		{F570DC51-0168-460E-B4D8-EC364622C422}.Release|Any CPU.Build.0 = Release|Any CPU
		{A40773BE-9C51-40DB-A65E-8B6B101A999F}.Debug|Any CPU.ActiveCfg = Debug|Any CPU
		{A40773BE-9C51-40DB-A65E-8B6B101A999F}.Debug|Any CPU.Build.0 = Debug|Any CPU
		{A40773BE-9C51-40DB-A65E-8B6B101A999F}.Release|Any CPU.ActiveCfg = Release|Any CPU
		{A40773BE-9C51-40DB-A65E-8B6B101A999F}.Release|Any CPU.Build.0 = Release|Any CPU
		{BA0BA6E7-1205-45C9-BF39-4234C1B7ADD1}.Debug|Any CPU.ActiveCfg = Debug|Any CPU
		{BA0BA6E7-1205-45C9-BF39-4234C1B7ADD1}.Debug|Any CPU.Build.0 = Debug|Any CPU
		{BA0BA6E7-1205-45C9-BF39-4234C1B7ADD1}.Release|Any CPU.ActiveCfg = Release|Any CPU
		{BA0BA6E7-1205-45C9-BF39-4234C1B7ADD1}.Release|Any CPU.Build.0 = Release|Any CPU
	EndGlobalSection
	GlobalSection(SolutionProperties) = preSolution
		HideSolutionNode = FALSE
	EndGlobalSection
	GlobalSection(NestedProjects) = preSolution
		{F570DC51-0168-460E-B4D8-EC364622C422} = {0467EB16-723C-4D58-89E9-44DEDAE76708}
		{A40773BE-9C51-40DB-A65E-8B6B101A999F} = {BE263E97-382E-4FA3-B422-950575CD87D6}
		{BA0BA6E7-1205-45C9-BF39-4234C1B7ADD1} = {BE263E97-382E-4FA3-B422-950575CD87D6}
	EndGlobalSection
	GlobalSection(ExtensibilityGlobals) = postSolution
		SolutionGuid = {2FDE26C3-3A55-4ECE-B0A9-AA0ED071D12F}
	EndGlobalSection
EndGlobal
